
Microsoft Visual Studio Solution File, Format Version 12.00
# Visual Studio Version 17
VisualStudioVersion = 17.0.31903.59
MinimumVisualStudioVersion = 10.0.40219.1
Project("{2150E333-8FDC-42A3-9474-1A3956D46DE8}") = "src", "src", "{D1D42ED1-4245-45B5-90B0-9E1B93A3D92E}"
EndProject
Project("{9A19103F-16F7-4668-BE54-9A1E7A4F7556}") = "Ecommerce.Api", "src\Ecommerce.Api\Ecommerce.Api.csproj", "{42DBD178-DCB3-4549-808D-F20C76C84276}"
EndProject
Project("{2150E333-8FDC-42A3-9474-1A3956D46DE8}") = "Solution Items", "Solution Items", "{A49A3D13-6178-475F-B1C4-799C17A62F5A}"
	ProjectSection(SolutionItems) = preProject
		.editorconfig = .editorconfig
		.gitignore = .gitignore
		docker-compose.yaml = docker-compose.yaml
		README.md = README.md
	EndProjectSection
EndProject
Project("{9A19103F-16F7-4668-BE54-9A1E7A4F7556}") = "Ecommerce.Core", "src\Ecommerce.Core\Ecommerce.Core.csproj", "{BEA8FC29-4168-4ED5-8BFC-6119B5C5073E}"
EndProject
Project("{FAE04EC0-301F-11D3-BF4B-00C04F79EFBC}") = "Ecommerce.Consumer", "src\Ecommerce.Consumer\Ecommerce.Consumer.csproj", "{8A73EF67-140F-4356-8979-7B2A2608B61D}"
EndProject
Global
	GlobalSection(SolutionConfigurationPlatforms) = preSolution
		Debug|Any CPU = Debug|Any CPU
		Release|Any CPU = Release|Any CPU
	EndGlobalSection
	GlobalSection(ProjectConfigurationPlatforms) = postSolution
		{42DBD178-DCB3-4549-808D-F20C76C84276}.Debug|Any CPU.ActiveCfg = Debug|Any CPU
		{42DBD178-DCB3-4549-808D-F20C76C84276}.Debug|Any CPU.Build.0 = Debug|Any CPU
		{42DBD178-DCB3-4549-808D-F20C76C84276}.Release|Any CPU.ActiveCfg = Release|Any CPU
		{42DBD178-DCB3-4549-808D-F20C76C84276}.Release|Any CPU.Build.0 = Release|Any CPU
		{BEA8FC29-4168-4ED5-8BFC-6119B5C5073E}.Debug|Any CPU.ActiveCfg = Debug|Any CPU
		{BEA8FC29-4168-4ED5-8BFC-6119B5C5073E}.Debug|Any CPU.Build.0 = Debug|Any CPU
		{BEA8FC29-4168-4ED5-8BFC-6119B5C5073E}.Release|Any CPU.ActiveCfg = Release|Any CPU
		{BEA8FC29-4168-4ED5-8BFC-6119B5C5073E}.Release|Any CPU.Build.0 = Release|Any CPU
		{8A73EF67-140F-4356-8979-7B2A2608B61D}.Debug|Any CPU.ActiveCfg = Debug|Any CPU
		{8A73EF67-140F-4356-8979-7B2A2608B61D}.Debug|Any CPU.Build.0 = Debug|Any CPU
		{8A73EF67-140F-4356-8979-7B2A2608B61D}.Release|Any CPU.ActiveCfg = Release|Any CPU
		{8A73EF67-140F-4356-8979-7B2A2608B61D}.Release|Any CPU.Build.0 = Release|Any CPU
	EndGlobalSection
	GlobalSection(SolutionProperties) = preSolution
		HideSolutionNode = FALSE
	EndGlobalSection
	GlobalSection(NestedProjects) = preSolution
		{42DBD178-DCB3-4549-808D-F20C76C84276} = {D1D42ED1-4245-45B5-90B0-9E1B93A3D92E}
		{BEA8FC29-4168-4ED5-8BFC-6119B5C5073E} = {D1D42ED1-4245-45B5-90B0-9E1B93A3D92E}
		{8A73EF67-140F-4356-8979-7B2A2608B61D} = {D1D42ED1-4245-45B5-90B0-9E1B93A3D92E}
	EndGlobalSection
	GlobalSection(ExtensibilityGlobals) = postSolution
		SolutionGuid = {F46F8EF6-9B34-4A85-A9BC-D40A3EF3EA45}
	EndGlobalSection
EndGlobal
