
Microsoft Visual Studio Solution File, Format Version 12.00
# Visual Studio Version 17
VisualStudioVersion = 17.0.31903.59
MinimumVisualStudioVersion = 10.0.40219.1
Project("{2150E333-8FDC-42A3-9474-1A3956D46DE8}") = "src", "src", "{D1D42ED1-4245-45B5-90B0-9E1B93A3D92E}"
EndProject
Project("{FAE04EC0-301F-11D3-BF4B-00C04F79EFBC}") = "Ecommerce.Api", "src\Ecommerce.Api\Ecommerce.Api.csproj", "{42DBD178-DCB3-4549-808D-F20C76C84276}"
EndProject
Global
	GlobalSection(SolutionConfigurationPlatforms) = preSolution
		Debug|Any CPU = Debug|Any CPU
		Release|Any CPU = Release|Any CPU
	EndGlobalSection
	GlobalSection(SolutionProperties) = preSolution
		HideSolutionNode = FALSE
	EndGlobalSection
	GlobalSection(ProjectConfigurationPlatforms) = postSolution
		{42DBD178-DCB3-4549-808D-F20C76C84276}.Debug|Any CPU.ActiveCfg = Debug|Any CPU
		{42DBD178-DCB3-4549-808D-F20C76C84276}.Debug|Any CPU.Build.0 = Debug|Any CPU
		{42DBD178-DCB3-4549-808D-F20C76C84276}.Release|Any CPU.ActiveCfg = Release|Any CPU
		{42DBD178-DCB3-4549-808D-F20C76C84276}.Release|Any CPU.Build.0 = Release|Any CPU
	EndGlobalSection
	GlobalSection(NestedProjects) = preSolution
		{42DBD178-DCB3-4549-808D-F20C76C84276} = {D1D42ED1-4245-45B5-90B0-9E1B93A3D92E}
	EndGlobalSection
EndGlobal
